
Microsoft Visual Studio Solution File, Format Version 12.00
# Visual Studio 15
VisualStudioVersion = 15.0.26228.4
MinimumVisualStudioVersion = 10.0.40219.1
Project("{FAE04EC0-301F-11D3-BF4B-00C04F79EFBC}") = "Console", "Console\Console.csproj", "{AF42CC54-9E87-4A82-8796-7B5A9074B372}"
EndProject
Project("{2150E333-8FDC-42A3-9474-1A3956D46DE8}") = "Players", "Players", "{B024D633-76C5-40EC-A43C-B3AACA7D209B}"
EndProject
Project("{FAE04EC0-301F-11D3-BF4B-00C04F79EFBC}") = "Lucifer", "Players\Lucifer\Lucifer.csproj", "{66937A80-7355-4CB3-B72F-F95866AA5B5D}"
EndProject
Project("{FAE04EC0-301F-11D3-BF4B-00C04F79EFBC}") = "Jesus", "Players\Jesus\Jesus.csproj", "{8A50A4D5-0214-44FC-B006-7D00108288C0}"
EndProject
Project("{FAE04EC0-301F-11D3-BF4B-00C04F79EFBC}") = "TickForTack", "Players\TickForTack\TickForTack.csproj", "{0B12E9CC-8469-43AD-9165-F2DFBEA49D4E}"
EndProject
Project("{FAE04EC0-301F-11D3-BF4B-00C04F79EFBC}") = "Arena", "Arena\Arena.csproj", "{3447EFF1-AD12-4232-BA4A-A89494536FFE}"
EndProject
Project("{FAE04EC0-301F-11D3-BF4B-00C04F79EFBC}") = "Domain", "Domain\Domain.csproj", "{7A1071C3-3A24-44A0-B326-EB888C16616D}"
EndProject
Global
	GlobalSection(SolutionConfigurationPlatforms) = preSolution
		Debug|Any CPU = Debug|Any CPU
		Release|Any CPU = Release|Any CPU
	EndGlobalSection
	GlobalSection(ProjectConfigurationPlatforms) = postSolution
		{AF42CC54-9E87-4A82-8796-7B5A9074B372}.Debug|Any CPU.ActiveCfg = Debug|Any CPU
		{AF42CC54-9E87-4A82-8796-7B5A9074B372}.Debug|Any CPU.Build.0 = Debug|Any CPU
		{AF42CC54-9E87-4A82-8796-7B5A9074B372}.Release|Any CPU.ActiveCfg = Release|Any CPU
		{AF42CC54-9E87-4A82-8796-7B5A9074B372}.Release|Any CPU.Build.0 = Release|Any CPU
		{66937A80-7355-4CB3-B72F-F95866AA5B5D}.Debug|Any CPU.ActiveCfg = Debug|Any CPU
		{66937A80-7355-4CB3-B72F-F95866AA5B5D}.Debug|Any CPU.Build.0 = Debug|Any CPU
		{66937A80-7355-4CB3-B72F-F95866AA5B5D}.Release|Any CPU.ActiveCfg = Release|Any CPU
		{66937A80-7355-4CB3-B72F-F95866AA5B5D}.Release|Any CPU.Build.0 = Release|Any CPU
		{8A50A4D5-0214-44FC-B006-7D00108288C0}.Debug|Any CPU.ActiveCfg = Debug|Any CPU
		{8A50A4D5-0214-44FC-B006-7D00108288C0}.Debug|Any CPU.Build.0 = Debug|Any CPU
		{8A50A4D5-0214-44FC-B006-7D00108288C0}.Release|Any CPU.ActiveCfg = Release|Any CPU
		{8A50A4D5-0214-44FC-B006-7D00108288C0}.Release|Any CPU.Build.0 = Release|Any CPU
		{0B12E9CC-8469-43AD-9165-F2DFBEA49D4E}.Debug|Any CPU.ActiveCfg = Debug|Any CPU
		{0B12E9CC-8469-43AD-9165-F2DFBEA49D4E}.Debug|Any CPU.Build.0 = Debug|Any CPU
		{0B12E9CC-8469-43AD-9165-F2DFBEA49D4E}.Release|Any CPU.ActiveCfg = Release|Any CPU
		{0B12E9CC-8469-43AD-9165-F2DFBEA49D4E}.Release|Any CPU.Build.0 = Release|Any CPU
		{3447EFF1-AD12-4232-BA4A-A89494536FFE}.Debug|Any CPU.ActiveCfg = Debug|Any CPU
		{3447EFF1-AD12-4232-BA4A-A89494536FFE}.Debug|Any CPU.Build.0 = Debug|Any CPU
		{3447EFF1-AD12-4232-BA4A-A89494536FFE}.Release|Any CPU.ActiveCfg = Release|Any CPU
		{3447EFF1-AD12-4232-BA4A-A89494536FFE}.Release|Any CPU.Build.0 = Release|Any CPU
		{7A1071C3-3A24-44A0-B326-EB888C16616D}.Debug|Any CPU.ActiveCfg = Debug|Any CPU
		{7A1071C3-3A24-44A0-B326-EB888C16616D}.Debug|Any CPU.Build.0 = Debug|Any CPU
		{7A1071C3-3A24-44A0-B326-EB888C16616D}.Release|Any CPU.ActiveCfg = Release|Any CPU
		{7A1071C3-3A24-44A0-B326-EB888C16616D}.Release|Any CPU.Build.0 = Release|Any CPU
	EndGlobalSection
	GlobalSection(SolutionProperties) = preSolution
		HideSolutionNode = FALSE
	EndGlobalSection
	GlobalSection(NestedProjects) = preSolution
		{66937A80-7355-4CB3-B72F-F95866AA5B5D} = {B024D633-76C5-40EC-A43C-B3AACA7D209B}
		{8A50A4D5-0214-44FC-B006-7D00108288C0} = {B024D633-76C5-40EC-A43C-B3AACA7D209B}
		{0B12E9CC-8469-43AD-9165-F2DFBEA49D4E} = {B024D633-76C5-40EC-A43C-B3AACA7D209B}
	EndGlobalSection
EndGlobal
